
Microsoft Visual Studio Solution File, Format Version 12.00
# Visual Studio Version 17
VisualStudioVersion = 17.8.34322.80
MinimumVisualStudioVersion = 10.0.40219.1
Project("{2150E333-8FDC-42A3-9474-1A3956D46DE8}") = "Core", "Core", "{041F2743-B37C-4295-B644-80A27EB2D01F}"
EndProject
Project("{FAE04EC0-301F-11D3-BF4B-00C04F79EFBC}") = "CarRentalManagement.Domain", "CarRentalManagement.Domain\CarRentalManagement.Domain.csproj", "{216E03AD-CDFF-4995-BCA6-323D7A48F192}"
EndProject
Global
	GlobalSection(SolutionConfigurationPlatforms) = preSolution
		Debug|Any CPU = Debug|Any CPU
		Release|Any CPU = Release|Any CPU
	EndGlobalSection
	GlobalSection(ProjectConfigurationPlatforms) = postSolution
		{216E03AD-CDFF-4995-BCA6-323D7A48F192}.Debug|Any CPU.ActiveCfg = Debug|Any CPU
		{216E03AD-CDFF-4995-BCA6-323D7A48F192}.Debug|Any CPU.Build.0 = Debug|Any CPU
		{216E03AD-CDFF-4995-BCA6-323D7A48F192}.Release|Any CPU.ActiveCfg = Release|Any CPU
		{216E03AD-CDFF-4995-BCA6-323D7A48F192}.Release|Any CPU.Build.0 = Release|Any CPU
	EndGlobalSection
	GlobalSection(SolutionProperties) = preSolution
		HideSolutionNode = FALSE
	EndGlobalSection
	GlobalSection(NestedProjects) = preSolution
		{216E03AD-CDFF-4995-BCA6-323D7A48F192} = {041F2743-B37C-4295-B644-80A27EB2D01F}
	EndGlobalSection
	GlobalSection(ExtensibilityGlobals) = postSolution
		SolutionGuid = {68D83933-28DB-4C97-80E7-5DA43107BBE7}
	EndGlobalSection
EndGlobal
